
Microsoft Visual Studio Solution File, Format Version 12.00
# Visual Studio 15
VisualStudioVersion = 15.0.26228.4
MinimumVisualStudioVersion = 10.0.40219.1
Project("{FAE04EC0-301F-11D3-BF4B-00C04F79EFBC}") = "WebApplicationMining", "WebApplicationMining\WebApplicationMining.csproj", "{CF6129A1-7750-4356-9E31-0F11A16B0DED}"
EndProject
Global
	GlobalSection(SolutionConfigurationPlatforms) = preSolution
		Debug|Any CPU = Debug|Any CPU
		Release|Any CPU = Release|Any CPU
	EndGlobalSection
	GlobalSection(ProjectConfigurationPlatforms) = postSolution
		{CF6129A1-7750-4356-9E31-0F11A16B0DED}.Debug|Any CPU.ActiveCfg = Debug|Any CPU
		{CF6129A1-7750-4356-9E31-0F11A16B0DED}.Debug|Any CPU.Build.0 = Debug|Any CPU
		{CF6129A1-7750-4356-9E31-0F11A16B0DED}.Release|Any CPU.ActiveCfg = Release|Any CPU
		{CF6129A1-7750-4356-9E31-0F11A16B0DED}.Release|Any CPU.Build.0 = Release|Any CPU
	EndGlobalSection
	GlobalSection(SolutionProperties) = preSolution
		HideSolutionNode = FALSE
	EndGlobalSection
EndGlobal
